
Microsoft Visual Studio Solution File, Format Version 12.00
# Visual Studio Version 16
VisualStudioVersion = 16.0.30320.27
MinimumVisualStudioVersion = 10.0.40219.1
Project("{FAE04EC0-301F-11D3-BF4B-00C04F79EFBC}") = "Oficina_Flavia", "Oficina_Flavia\Oficina_Flavia.csproj", "{B7CCC6AE-86DD-4F3F-8AAF-B13BCD5D9386}"
EndProject
Global
	GlobalSection(SolutionConfigurationPlatforms) = preSolution
		Debug|Any CPU = Debug|Any CPU
		Release|Any CPU = Release|Any CPU
	EndGlobalSection
	GlobalSection(ProjectConfigurationPlatforms) = postSolution
		{B7CCC6AE-86DD-4F3F-8AAF-B13BCD5D9386}.Debug|Any CPU.ActiveCfg = Debug|Any CPU
		{B7CCC6AE-86DD-4F3F-8AAF-B13BCD5D9386}.Debug|Any CPU.Build.0 = Debug|Any CPU
		{B7CCC6AE-86DD-4F3F-8AAF-B13BCD5D9386}.Release|Any CPU.ActiveCfg = Release|Any CPU
		{B7CCC6AE-86DD-4F3F-8AAF-B13BCD5D9386}.Release|Any CPU.Build.0 = Release|Any CPU
	EndGlobalSection
	GlobalSection(SolutionProperties) = preSolution
		HideSolutionNode = FALSE
	EndGlobalSection
	GlobalSection(ExtensibilityGlobals) = postSolution
		SolutionGuid = {9AC1554A-B15C-4BFE-B2F1-6857B03DC77A}
	EndGlobalSection
EndGlobal
